
Microsoft Visual Studio Solution File, Format Version 12.00
# Visual Studio 15
VisualStudioVersion = 15.0.27428.2037
MinimumVisualStudioVersion = 10.0.40219.1
Project("{FAE04EC0-301F-11D3-BF4B-00C04F79EFBC}") = "WindowsFormsApp1", "WindowsFormsApp1\WindowsFormsApp1.csproj", "{A38154EF-C7FF-4D2C-BA7C-4A11F28E8BBF}"
EndProject
Global
	GlobalSection(SolutionConfigurationPlatforms) = preSolution
		Debug|Any CPU = Debug|Any CPU
		Release|Any CPU = Release|Any CPU
	EndGlobalSection
	GlobalSection(ProjectConfigurationPlatforms) = postSolution
		{A38154EF-C7FF-4D2C-BA7C-4A11F28E8BBF}.Debug|Any CPU.ActiveCfg = Debug|Any CPU
		{A38154EF-C7FF-4D2C-BA7C-4A11F28E8BBF}.Debug|Any CPU.Build.0 = Debug|Any CPU
		{A38154EF-C7FF-4D2C-BA7C-4A11F28E8BBF}.Release|Any CPU.ActiveCfg = Release|Any CPU
		{A38154EF-C7FF-4D2C-BA7C-4A11F28E8BBF}.Release|Any CPU.Build.0 = Release|Any CPU
	EndGlobalSection
	GlobalSection(SolutionProperties) = preSolution
		HideSolutionNode = FALSE
	EndGlobalSection
	GlobalSection(ExtensibilityGlobals) = postSolution
		SolutionGuid = {16F7E5B4-C84C-4199-BA96-7E6C2826F9CE}
	EndGlobalSection
EndGlobal
